{
  "name": "mcp_test",
  "lockfileVersion": 3,
  "requires": true,
  "packages": {
    "": {
      "devDependencies": {
        "@types/moment": "^2.11.29"
      }
    },
    "node_modules/@types/moment": {
      "version": "2.11.29",
      "resolved": "https://registry.npmjs.org/@types/moment/-/moment-2.11.29.tgz",
      "integrity": "sha512-D5WIgbLYQzvgfsDnBhZFSTnt/BjGPOE+Jsh3k1BYYijJAkrn7ceeLvU4jtjKKXXuXN42O3ARlU4D/P9ezbQYFA==",
      "dev": true,
      "license": "MIT"
    }
  }
}
